
Microsoft Visual Studio Solution File, Format Version 12.00
# Visual Studio 15
Project("{FAE04EC0-301F-11D3-BF4B-00C04F79EFBC}") = "Blitz", "Blitz.csproj", "{4D3C33AB-CA17-1062-230C-A4B9E20FD213}"
EndProject
Project("{FAE04EC0-301F-11D3-BF4B-00C04F79EFBC}") = "Blitz.Player", "Blitz.Player.csproj", "{4F14E0FA-5F8D-4EDE-A1CD-05C6DC093A6D}"
EndProject
Project("{FAE04EC0-301F-11D3-BF4B-00C04F79EFBC}") = "Blitz.Editor", "Blitz.Editor.csproj", "{65C72F6B-E0D0-EFA1-5C52-7C78A397A36B}"
EndProject
Global
	GlobalSection(SolutionConfigurationPlatforms) = preSolution
		Debug|Any CPU = Debug|Any CPU
		Release|Any CPU = Release|Any CPU
	EndGlobalSection
	GlobalSection(ProjectConfigurationPlatforms) = postSolution
		{4D3C33AB-CA17-1062-230C-A4B9E20FD213}.Debug|Any CPU.ActiveCfg = Debug|Any CPU
		{4D3C33AB-CA17-1062-230C-A4B9E20FD213}.Debug|Any CPU.Build.0 = Debug|Any CPU
		{4D3C33AB-CA17-1062-230C-A4B9E20FD213}.Release|Any CPU.ActiveCfg = Release|Any CPU
		{4D3C33AB-CA17-1062-230C-A4B9E20FD213}.Release|Any CPU.Build.0 = Release|Any CPU
		{4F14E0FA-5F8D-4EDE-A1CD-05C6DC093A6D}.Debug|Any CPU.ActiveCfg = Debug|Any CPU
		{4F14E0FA-5F8D-4EDE-A1CD-05C6DC093A6D}.Debug|Any CPU.Build.0 = Debug|Any CPU
		{4F14E0FA-5F8D-4EDE-A1CD-05C6DC093A6D}.Release|Any CPU.ActiveCfg = Release|Any CPU
		{4F14E0FA-5F8D-4EDE-A1CD-05C6DC093A6D}.Release|Any CPU.Build.0 = Release|Any CPU
		{65C72F6B-E0D0-EFA1-5C52-7C78A397A36B}.Debug|Any CPU.ActiveCfg = Debug|Any CPU
		{65C72F6B-E0D0-EFA1-5C52-7C78A397A36B}.Debug|Any CPU.Build.0 = Debug|Any CPU
		{65C72F6B-E0D0-EFA1-5C52-7C78A397A36B}.Release|Any CPU.ActiveCfg = Release|Any CPU
		{65C72F6B-E0D0-EFA1-5C52-7C78A397A36B}.Release|Any CPU.Build.0 = Release|Any CPU
	EndGlobalSection
	GlobalSection(SolutionProperties) = preSolution
		HideSolutionNode = FALSE
	EndGlobalSection
EndGlobal
