
Microsoft Visual Studio Solution File, Format Version 11.00
# Visual Studio 2010
Project("{FAE04EC0-301F-11D3-BF4B-00C04F79EFBC}") = "BlitzProject", "Assembly-CSharp.csproj", "{25EE47AF-873A-88E8-8BC2-D907EEC99107}"
EndProject
Project("{FAE04EC0-301F-11D3-BF4B-00C04F79EFBC}") = "BlitzProject", "Assembly-CSharp-Editor.csproj", "{41AEFA56-34F9-49D0-B1D3-99E5EC613EB9}"
EndProject
Global
	GlobalSection(SolutionConfigurationPlatforms) = preSolution
		Debug|Any CPU = Debug|Any CPU
		Release|Any CPU = Release|Any CPU
	EndGlobalSection
	GlobalSection(ProjectConfigurationPlatforms) = postSolution
		{25EE47AF-873A-88E8-8BC2-D907EEC99107}.Debug|Any CPU.ActiveCfg = Debug|Any CPU
		{25EE47AF-873A-88E8-8BC2-D907EEC99107}.Debug|Any CPU.Build.0 = Debug|Any CPU
		{25EE47AF-873A-88E8-8BC2-D907EEC99107}.Release|Any CPU.ActiveCfg = Release|Any CPU
		{25EE47AF-873A-88E8-8BC2-D907EEC99107}.Release|Any CPU.Build.0 = Release|Any CPU
		{41AEFA56-34F9-49D0-B1D3-99E5EC613EB9}.Debug|Any CPU.ActiveCfg = Debug|Any CPU
		{41AEFA56-34F9-49D0-B1D3-99E5EC613EB9}.Debug|Any CPU.Build.0 = Debug|Any CPU
		{41AEFA56-34F9-49D0-B1D3-99E5EC613EB9}.Release|Any CPU.ActiveCfg = Release|Any CPU
		{41AEFA56-34F9-49D0-B1D3-99E5EC613EB9}.Release|Any CPU.Build.0 = Release|Any CPU
	EndGlobalSection
	GlobalSection(SolutionProperties) = preSolution
		HideSolutionNode = FALSE
	EndGlobalSection
	GlobalSection(MonoDevelopProperties) = preSolution
		StartupItem = Assembly-CSharp.csproj
	EndGlobalSection
EndGlobal
